<?xml version="1.0" encoding="utf-8"?>
<Project ToolsVersion="4.0" xmlns="http://schemas.microsoft.com/developer/msbuild/2003">
  <ItemGroup>
    <Filter Include="源文件">
      <UniqueIdentifier>{4FC737F1-C7A5-4376-A066-2A32D752A2FF}</UniqueIdentifier>
      <Extensions>cpp;c;cc;cxx;def;odl;idl;hpj;bat;asm;asmx</Extensions>
    </Filter>
    <Filter Include="头文件">
      <UniqueIdentifier>{93995380-89BD-4b04-88EB-625FBE52EBFB}</UniqueIdentifier>
      <Extensions>h;hpp;hxx;hm;inl;inc;xsd</Extensions>
    </Filter>
    <Filter Include="资源文件">
      <UniqueIdentifier>{67DA6AB6-F800-4c08-8B7A-83BB121AAD01}</UniqueIdentifier>
      <Extensions>rc;ico;cur;bmp;dlg;rc2;rct;bin;rgs;gif;jpg;jpeg;jpe;resx;tiff;tif;png;wav;mfcribbon-ms</Extensions>
    </Filter>
    <Filter Include="头文件\json">
      <UniqueIdentifier>{e9ea2a25-6f17-4e9e-b8e7-95a6f0b9e76f}</UniqueIdentifier>
    </Filter>
    <Filter Include="源文件\json">
      <UniqueIdentifier>{cf34612d-dd43-45b4-9f31-bb72d8d37686}</UniqueIdentifier>
    </Filter>
  </ItemGroup>
  <ItemGroup>
    <Text Include="ReadMe.txt" />
  </ItemGroup>
  <ItemGroup>
    <ClInclude Include="include\Json.h">
      <Filter>头文件</Filter>
    </ClInclude>
    <ClInclude Include="include\EString.h">
      <Filter>头文件</Filter>
    </ClInclude>
    <ClInclude Include="include\ObjectBase.h">
      <Filter>头文件</Filter>
    </ClInclude>
    <ClInclude Include="resource.h">
      <Filter>头文件</Filter>
    </ClInclude>
    <ClInclude Include="include\json\autolink.h">
      <Filter>头文件\json</Filter>
    </ClInclude>
    <ClInclude Include="include\json\config.h">
      <Filter>头文件\json</Filter>
    </ClInclude>
    <ClInclude Include="include\json\features.h">
      <Filter>头文件\json</Filter>
    </ClInclude>
    <ClInclude Include="include\json\forwards.h">
      <Filter>头文件\json</Filter>
    </ClInclude>
    <ClInclude Include="include\json\json.h">
      <Filter>头文件\json</Filter>
    </ClInclude>
    <ClInclude Include="include\json\reader.h">
      <Filter>头文件\json</Filter>
    </ClInclude>
    <ClInclude Include="include\json\value.h">
      <Filter>头文件\json</Filter>
    </ClInclude>
    <ClInclude Include="include\json\writer.h">
      <Filter>头文件\json</Filter>
    </ClInclude>
    <ClInclude Include="business\json\json_batchallocator.h">
      <Filter>源文件\json</Filter>
    </ClInclude>
    <ClInclude Include="include\BaseProtocol.h">
      <Filter>头文件</Filter>
    </ClInclude>
    <ClInclude Include="include\ProtoImpl.h">
      <Filter>头文件</Filter>
    </ClInclude>
  </ItemGroup>
  <ItemGroup>
    <ClCompile Include="business\Json.cpp">
      <Filter>源文件</Filter>
    </ClCompile>
    <ClCompile Include="business\EString.cpp">
      <Filter>源文件</Filter>
    </ClCompile>
    <ClCompile Include="business\ObjectBase.cpp">
      <Filter>源文件</Filter>
    </ClCompile>
    <ClCompile Include="business\json\json_reader.cpp">
      <Filter>源文件\json</Filter>
    </ClCompile>
    <ClCompile Include="business\json\json_value.cpp">
      <Filter>源文件\json</Filter>
    </ClCompile>
    <ClCompile Include="business\json\json_writer.cpp">
      <Filter>源文件\json</Filter>
    </ClCompile>
    <ClCompile Include="business\ProtoImpl.cpp">
      <Filter>源文件</Filter>
    </ClCompile>
  </ItemGroup>
  <ItemGroup>
    <ResourceCompile Include="libbase.rc">
      <Filter>资源文件</Filter>
    </ResourceCompile>
  </ItemGroup>
  <ItemGroup>
    <None Include="business\json\json_internalarray.inl">
      <Filter>源文件\json</Filter>
    </None>
    <None Include="business\json\json_internalmap.inl">
      <Filter>源文件\json</Filter>
    </None>
    <None Include="business\json\json_valueiterator.inl">
      <Filter>源文件\json</Filter>
    </None>
    <None Include="business\json\sconscript">
      <Filter>源文件\json</Filter>
    </None>
  </ItemGroup>
</Project>